%{
  "castore": {:hex, :castore, "0.1.2", "81adb0683c4ec8ebb97ad777ec1b050405282d55453df14567a3c73ae25932a6", [:mix], [], "hexpm"},
  "jason": {:hex, :jason, "1.1.2", "b03dedea67a99223a2eaf9f1264ce37154564de899fd3d8b9a21b1a6fd64afe7", [:mix], [{:decimal, "~> 1.0", [hex: :decimal, repo: "hexpm", optional: true]}], "hexpm"},
  "mint": {:hex, :mint, "0.2.1", "a2ec8729fcad5c8b6460e07dfa64b008b3d9697a9f4604cd5684a87b44677c99", [:mix], [{:castore, "~> 0.1.0", [hex: :castore, repo: "hexpm", optional: true]}], "hexpm"},
  "mojito": {:hex, :mojito, "0.3.0", "806cd3c1832333a9ee784e7ea2799863fbe4de55ecb4623a8f4ef870c2844cc6", [:mix], [{:castore, "~> 0.1", [hex: :castore, repo: "hexpm", optional: false]}, {:mint, "~> 0.2.1", [hex: :mint, repo: "hexpm", optional: false]}, {:poolboy, "~> 1.5", [hex: :poolboy, repo: "hexpm", optional: false]}], "hexpm"},
  "poolboy": {:hex, :poolboy, "1.5.2", "392b007a1693a64540cead79830443abf5762f5d30cf50bc95cb2c1aaafa006b", [:rebar3], [], "hexpm"},
}
